{
    "_readme": [
        "This file locks the dependencies of your project to a known state",
        "Read more about it at https://getcomposer.org/doc/01-basic-usage.md#installing-dependencies",
        "This file is @generated automatically"
    ],
    "content-hash": "5b958e359ae97dd4cb808404ff4e42f2",
    "packages": [
        {
            "name": "composer/installers",
            "version": "v2.3.0",
            "source": {
                "type": "git",
                "url": "https://github.com/composer/installers.git",
                "reference": "12fb2dfe5e16183de69e784a7b84046c43d97e8e"
            },
            "dist": {
                "type": "zip",
                "url": "https://api.github.com/repos/composer/installers/zipball/12fb2dfe5e16183de69e784a7b84046c43d97e8e",
                "reference": "12fb2dfe5e16183de69e784a7b84046c43d97e8e",
                "shasum": ""
            },
            "require": {
                "composer-plugin-api": "^1.0 || ^2.0",
                "php": "^7.2 || ^8.0"
            },
            "require-dev": {
                "composer/composer": "^1.10.27 || ^2.7",
                "composer/semver": "^1.7.2 || ^3.4.0",
                "phpstan/phpstan": "^1.11",
                "phpstan/phpstan-phpunit": "^1",
                "symfony/phpunit-bridge": "^7.1.1",
                "symfony/process": "^5 || ^6 || ^7"
            },
            "type": "composer-plugin",
            "extra": {
                "class": "Composer\\Installers\\Plugin",
                "branch-alias": {
                    "dev-main": "2.x-dev"
                },
                "plugin-modifies-install-path": true
            },
            "autoload": {
                "psr-4": {
                    "Composer\\Installers\\": "src/Composer/Installers"
                }
            },
            "notification-url": "https://packagist.org/downloads/",
            "license": [
                "MIT"
            ],
            "authors": [
                {
                    "name": "Kyle Robinson Young",
                    "email": "kyle@dontkry.com",
                    "homepage": "https://github.com/shama"
                }
            ],
            "description": "A multi-framework Composer library installer",
            "homepage": "https://composer.github.io/installers/",
            "keywords": [
                "Dolibarr",
                "Eliasis",
                "Hurad",
                "ImageCMS",
                "Kanboard",
                "Lan Management System",
                "MODX Evo",
                "MantisBT",
                "Mautic",
                "Maya",
                "OXID",
                "Plentymarkets",
                "Porto",
                "RadPHP",
                "SMF",
                "Starbug",
                "Thelia",
                "Whmcs",
                "WolfCMS",
                "agl",
                "annotatecms",
                "attogram",
                "bitrix",
                "cakephp",
                "chef",
                "cockpit",
                "codeigniter",
                "concrete5",
                "concreteCMS",
                "croogo",
                "dokuwiki",
                "drupal",
                "eZ Platform",
                "elgg",
                "expressionengine",
                "fuelphp",
                "grav",
                "installer",
                "itop",
                "known",
                "kohana",
                "laravel",
                "lavalite",
                "lithium",
                "magento",
                "majima",
                "mako",
                "matomo",
                "mediawiki",
                "miaoxing",
                "modulework",
                "modx",
                "moodle",
                "osclass",
                "pantheon",
                "phpbb",
                "piwik",
                "ppi",
                "processwire",
                "puppet",
                "pxcms",
                "reindex",
                "roundcube",
                "shopware",
                "silverstripe",
                "sydes",
                "sylius",
                "tastyigniter",
                "wordpress",
                "yawik",
                "zend",
                "zikula"
            ],
            "support": {
                "issues": "https://github.com/composer/installers/issues",
                "source": "https://github.com/composer/installers/tree/v2.3.0"
            },
            "funding": [
                {
                    "url": "https://packagist.com",
                    "type": "custom"
                },
                {
                    "url": "https://github.com/composer",
                    "type": "github"
                },
                {
                    "url": "https://tidelift.com/funding/github/packagist/composer/composer",
                    "type": "tidelift"
                }
            ],
            "time": "2024-06-24T20:46:46+00:00"
        },
        {
            "name": "hallofthegods/xophz-compass",
            "version": "dev-main",
            "source": {
                "type": "git",
                "url": "https://github.com/HalloftheGods/xophz-compass.git",
                "reference": "1b3baaac238d688a99a06099eb4c59f1ade6919d"
            },
            "require": {
                "composer/installers": "^1.0 || ^2.0"
            },
            "default-branch": true,
            "type": "wordpress-plugin",
            "autoload": {
                "files": [
                    "xophz-compass.php"
                ]
            },
            "license": [
                "GPL-2.0-or-later"
            ],
            "authors": [
                {
                    "name": "Hall of the Gods, Inc.",
                    "homepage": "https://www.hallofthegods.com"
                }
            ],
            "description": "It's dangerous to go alone! Explore your site with COMPASS.",
            "time": "2026-08-28T09:49:53+00:00"
        },
        {
            "name": "hallofthegods/xophz-compass-event-horizon",
            "version": "dev-main",
            "source": {
                "type": "git",
                "url": "https://github.com/HalloftheGods/xophz-compass-event-horizon.git",
                "reference": "d7b0a8c5df4e1e1fcea2f66e0d3449d9a0b8048c"
            },
            "require": {
                "composer/installers": "^1.0 || ^2.0"
            },
            "default-branch": true,
            "type": "wordpress-plugin",
            "autoload": {
                "files": [
                    "xophz-compass-event-horizon.php"
                ]
            },
            "license": [
                "GPL-2.0-or-later"
            ],
            "authors": [
                {
                    "name": "Hall of the Gods, Inc.",
                    "homepage": "https://www.hallofthegods.com"
                }
            ],
            "description": "Bring transparency to your user-to-media connectivity by observing a real life 3D interactive heat map. From micro to macro and unto the avoided.",
            "time": "2026-08-28T07:59:32+00:00"
        },
        {
            "name": "hallofthegods/xophz-magic-hat",
            "version": "dev-main",
            "source": {
                "type": "git",
                "url": "https://github.com/HalloftheGods/xophz-magic-hat.git",
                "reference": "623cad5ebee4f7fa7cceb8c9228d64ddd9703e9a"
            },
            "require": {
                "composer/installers": "^1.0 || ^2.0"
            },
            "default-branch": true,
            "type": "wordpress-theme",
            "license": [
                "GPL-2.0-or-later"
            ],
            "authors": [
                {
                    "name": "Hall of the Gods, Inc.",
                    "homepage": "https://www.hallofthegods.com"
                }
            ],
            "description": "The ultra-minimal, semantic parent theme designed exclusively for the Xophz-COMPASS Magic Wand ecosystem.",
            "time": "2026-05-11T08:22:20+00:00"
        },
        {
            "name": "wpackagist-plugin/sqlite-database-integration",
            "version": "2.2.23",
            "source": {
                "type": "svn",
                "url": "https://plugins.svn.wordpress.org/sqlite-database-integration/",
                "reference": "tags/2.2.23"
            },
            "dist": {
                "type": "zip",
                "url": "https://downloads.wordpress.org/plugin/sqlite-database-integration.2.2.23.zip"
            },
            "require": {
                "composer/installers": "^1.0 || ^2.0"
            },
            "type": "wordpress-plugin",
            "homepage": "https://wordpress.org/plugins/sqlite-database-integration/"
        }
    ],
    "packages-dev": [],
    "aliases": [],
    "minimum-stability": "stable",
    "stability-flags": {
        "hallofthegods/xophz-compass": 20,
        "hallofthegods/xophz-compass-event-horizon": 20,
        "hallofthegods/xophz-magic-hat": 20
    },
    "prefer-stable": false,
    "prefer-lowest": false,
    "platform": {
        "php": ">=8.1"
    },
    "platform-dev": {},
    "plugin-api-version": "2.9.0"
}
